
Microsoft Visual Studio Solution File, Format Version 12.00
# Visual Studio Version 16
VisualStudioVersion = 16.0.30804.86
MinimumVisualStudioVersion = 10.0.40219.1
Project("{9A19103F-16F7-4668-BE54-9A1E7A4F7556}") = "MRZtdlflh_pro", "MRZtdlflh_pro\MRZtdlflh_pro.csproj", "{66393DA2-0F9B-421F-9395-89FAC450FF4E}"
EndProject
Project("{9A19103F-16F7-4668-BE54-9A1E7A4F7556}") = "TDLib.Tests", "tdsharp\TDLib.Tests\TDLib.Tests.csproj", "{0ADEAC56-1D28-4DE7-A28C-D9A289FC93BB}"
EndProject
Project("{6EC3EE1D-3C4E-46DD-8F32-0CC8E7565705}") = "TDLib.CodeGen", "tdsharp\TDLib.CodeGen\TDLib.CodeGen.fsproj", "{529B8D4F-0CDA-4A34-B62C-ADC81E315BFA}"
EndProject
Project("{9A19103F-16F7-4668-BE54-9A1E7A4F7556}") = "TDLib.Api", "tdsharp\TDLib.Api\TDLib.Api.csproj", "{71DA2D6B-3273-4674-96A4-4D275FDE8226}"
EndProject
Project("{9A19103F-16F7-4668-BE54-9A1E7A4F7556}") = "TDLib", "tdsharp\TDLib\TDLib.csproj", "{E79CC671-3083-4DFD-B020-C28A4CABF41F}"
EndProject
Project("{9A19103F-16F7-4668-BE54-9A1E7A4F7556}") = "TDLib.Samples.GetChats", "tdsharp\Samples\TdLib.Samples.GetChats\TDLib.Samples.GetChats.csproj", "{81851F0A-6F56-451B-B3E5-04723CA79267}"
EndProject
Global
	GlobalSection(SolutionConfigurationPlatforms) = preSolution
		Debug|Any CPU = Debug|Any CPU
		Release|Any CPU = Release|Any CPU
	EndGlobalSection
	GlobalSection(ProjectConfigurationPlatforms) = postSolution
		{66393DA2-0F9B-421F-9395-89FAC450FF4E}.Debug|Any CPU.ActiveCfg = Debug|Any CPU
		{66393DA2-0F9B-421F-9395-89FAC450FF4E}.Debug|Any CPU.Build.0 = Debug|Any CPU
		{66393DA2-0F9B-421F-9395-89FAC450FF4E}.Release|Any CPU.ActiveCfg = Release|Any CPU
		{66393DA2-0F9B-421F-9395-89FAC450FF4E}.Release|Any CPU.Build.0 = Release|Any CPU
		{0ADEAC56-1D28-4DE7-A28C-D9A289FC93BB}.Debug|Any CPU.ActiveCfg = Debug|Any CPU
		{0ADEAC56-1D28-4DE7-A28C-D9A289FC93BB}.Debug|Any CPU.Build.0 = Debug|Any CPU
		{0ADEAC56-1D28-4DE7-A28C-D9A289FC93BB}.Release|Any CPU.ActiveCfg = Release|Any CPU
		{0ADEAC56-1D28-4DE7-A28C-D9A289FC93BB}.Release|Any CPU.Build.0 = Release|Any CPU
		{529B8D4F-0CDA-4A34-B62C-ADC81E315BFA}.Debug|Any CPU.ActiveCfg = Debug|Any CPU
		{529B8D4F-0CDA-4A34-B62C-ADC81E315BFA}.Debug|Any CPU.Build.0 = Debug|Any CPU
		{529B8D4F-0CDA-4A34-B62C-ADC81E315BFA}.Release|Any CPU.ActiveCfg = Release|Any CPU
		{529B8D4F-0CDA-4A34-B62C-ADC81E315BFA}.Release|Any CPU.Build.0 = Release|Any CPU
		{71DA2D6B-3273-4674-96A4-4D275FDE8226}.Debug|Any CPU.ActiveCfg = Debug|Any CPU
		{71DA2D6B-3273-4674-96A4-4D275FDE8226}.Debug|Any CPU.Build.0 = Debug|Any CPU
		{71DA2D6B-3273-4674-96A4-4D275FDE8226}.Release|Any CPU.ActiveCfg = Release|Any CPU
		{71DA2D6B-3273-4674-96A4-4D275FDE8226}.Release|Any CPU.Build.0 = Release|Any CPU
		{E79CC671-3083-4DFD-B020-C28A4CABF41F}.Debug|Any CPU.ActiveCfg = Debug|Any CPU
		{E79CC671-3083-4DFD-B020-C28A4CABF41F}.Debug|Any CPU.Build.0 = Debug|Any CPU
		{E79CC671-3083-4DFD-B020-C28A4CABF41F}.Release|Any CPU.ActiveCfg = Release|Any CPU
		{E79CC671-3083-4DFD-B020-C28A4CABF41F}.Release|Any CPU.Build.0 = Release|Any CPU
		{81851F0A-6F56-451B-B3E5-04723CA79267}.Debug|Any CPU.ActiveCfg = Debug|Any CPU
		{81851F0A-6F56-451B-B3E5-04723CA79267}.Debug|Any CPU.Build.0 = Debug|Any CPU
		{81851F0A-6F56-451B-B3E5-04723CA79267}.Release|Any CPU.ActiveCfg = Release|Any CPU
		{81851F0A-6F56-451B-B3E5-04723CA79267}.Release|Any CPU.Build.0 = Release|Any CPU
	EndGlobalSection
	GlobalSection(SolutionProperties) = preSolution
		HideSolutionNode = FALSE
	EndGlobalSection
	GlobalSection(ExtensibilityGlobals) = postSolution
		SolutionGuid = {8E5828D8-2031-465B-ADF6-29B92C4C5F1F}
	EndGlobalSection
EndGlobal
