
Microsoft Visual Studio Solution File, Format Version 12.00
# Visual Studio Version 16
VisualStudioVersion = 16.0.30804.86
MinimumVisualStudioVersion = 10.0.40219.1
Project("{FAE04EC0-301F-11D3-BF4B-00C04F79EFBC}") = "MTDvsFH", "MTDvsFH\MTDvsFH.csproj", "{CA7148E2-3E11-417B-883D-B045B7BD2404}"
EndProject
Global
	GlobalSection(SolutionConfigurationPlatforms) = preSolution
		Debug|Any CPU = Debug|Any CPU
		Release|Any CPU = Release|Any CPU
	EndGlobalSection
	GlobalSection(ProjectConfigurationPlatforms) = postSolution
		{CA7148E2-3E11-417B-883D-B045B7BD2404}.Debug|Any CPU.ActiveCfg = Debug|Any CPU
		{CA7148E2-3E11-417B-883D-B045B7BD2404}.Debug|Any CPU.Build.0 = Debug|Any CPU
		{CA7148E2-3E11-417B-883D-B045B7BD2404}.Release|Any CPU.ActiveCfg = Release|Any CPU
		{CA7148E2-3E11-417B-883D-B045B7BD2404}.Release|Any CPU.Build.0 = Release|Any CPU
	EndGlobalSection
	GlobalSection(SolutionProperties) = preSolution
		HideSolutionNode = FALSE
	EndGlobalSection
	GlobalSection(ExtensibilityGlobals) = postSolution
		SolutionGuid = {8E5828D8-2031-465B-ADF6-29B92C4C5F1F}
	EndGlobalSection
EndGlobal
